
Microsoft Visual Studio Solution File, Format Version 12.00
# Visual Studio 15
VisualStudioVersion = 15.0.27703.2035
MinimumVisualStudioVersion = 10.0.40219.1
Project("{FAE04EC0-301F-11D3-BF4B-00C04F79EFBC}") = "ExeDisassembler", "ExeDisassembler\ExeDisassembler.csproj", "{35E2C5F3-DC9B-404D-811E-FAD7A50CAD0C}"
EndProject
Project("{9A19103F-16F7-4668-BE54-9A1E7A4F7556}") = "PeNet", "PeNet\PeNet.csproj", "{C06072D4-CFF7-4D89-B005-E02E05AF844A}"
EndProject
Project("{9A19103F-16F7-4668-BE54-9A1E7A4F7556}") = "SharpDisasm", "SharpDisasm\SharpDisasm.csproj", "{64725C27-68DE-4E81-B6C7-2CAEFDC6C114}"
EndProject
Global
	GlobalSection(SolutionConfigurationPlatforms) = preSolution
		Debug|Any CPU = Debug|Any CPU
		Release|Any CPU = Release|Any CPU
	EndGlobalSection
	GlobalSection(ProjectConfigurationPlatforms) = postSolution
		{35E2C5F3-DC9B-404D-811E-FAD7A50CAD0C}.Debug|Any CPU.ActiveCfg = Debug|Any CPU
		{35E2C5F3-DC9B-404D-811E-FAD7A50CAD0C}.Debug|Any CPU.Build.0 = Debug|Any CPU
		{35E2C5F3-DC9B-404D-811E-FAD7A50CAD0C}.Release|Any CPU.ActiveCfg = Release|Any CPU
		{35E2C5F3-DC9B-404D-811E-FAD7A50CAD0C}.Release|Any CPU.Build.0 = Release|Any CPU
		{C06072D4-CFF7-4D89-B005-E02E05AF844A}.Debug|Any CPU.ActiveCfg = Debug|Any CPU
		{C06072D4-CFF7-4D89-B005-E02E05AF844A}.Debug|Any CPU.Build.0 = Debug|Any CPU
		{C06072D4-CFF7-4D89-B005-E02E05AF844A}.Release|Any CPU.ActiveCfg = Release|Any CPU
		{C06072D4-CFF7-4D89-B005-E02E05AF844A}.Release|Any CPU.Build.0 = Release|Any CPU
		{64725C27-68DE-4E81-B6C7-2CAEFDC6C114}.Debug|Any CPU.ActiveCfg = Debug|Any CPU
		{64725C27-68DE-4E81-B6C7-2CAEFDC6C114}.Debug|Any CPU.Build.0 = Debug|Any CPU
		{64725C27-68DE-4E81-B6C7-2CAEFDC6C114}.Release|Any CPU.ActiveCfg = Release|Any CPU
		{64725C27-68DE-4E81-B6C7-2CAEFDC6C114}.Release|Any CPU.Build.0 = Release|Any CPU
	EndGlobalSection
	GlobalSection(SolutionProperties) = preSolution
		HideSolutionNode = FALSE
	EndGlobalSection
	GlobalSection(ExtensibilityGlobals) = postSolution
		SolutionGuid = {2291DADE-049A-4B58-BADB-591AB27556CC}
	EndGlobalSection
EndGlobal
